
Microsoft Visual Studio Solution File, Format Version 12.00
# Visual Studio 15
VisualStudioVersion = 15.0.28307.960
MinimumVisualStudioVersion = 10.0.40219.1
Project("{FAE04EC0-301F-11D3-BF4B-00C04F79EFBC}") = "FormOdev", "FormOdev\FormOdev.csproj", "{393FDB19-F87F-4889-83C3-25006EBC9D91}"
EndProject
Global
	GlobalSection(SolutionConfigurationPlatforms) = preSolution
		Debug|Any CPU = Debug|Any CPU
		Release|Any CPU = Release|Any CPU
	EndGlobalSection
	GlobalSection(ProjectConfigurationPlatforms) = postSolution
		{393FDB19-F87F-4889-83C3-25006EBC9D91}.Debug|Any CPU.ActiveCfg = Debug|Any CPU
		{393FDB19-F87F-4889-83C3-25006EBC9D91}.Debug|Any CPU.Build.0 = Debug|Any CPU
		{393FDB19-F87F-4889-83C3-25006EBC9D91}.Release|Any CPU.ActiveCfg = Release|Any CPU
		{393FDB19-F87F-4889-83C3-25006EBC9D91}.Release|Any CPU.Build.0 = Release|Any CPU
	EndGlobalSection
	GlobalSection(SolutionProperties) = preSolution
		HideSolutionNode = FALSE
	EndGlobalSection
	GlobalSection(ExtensibilityGlobals) = postSolution
		SolutionGuid = {D878AB96-DEA9-4530-AE15-D79F852C7972}
	EndGlobalSection
EndGlobal
